
Microsoft Visual Studio Solution File, Format Version 12.00
# Visual Studio 15
VisualStudioVersion = 15.0.27428.2037
MinimumVisualStudioVersion = 10.0.40219.1
Project("{9A19103F-16F7-4668-BE54-9A1E7A4F7556}") = "MyDea.Domain", "MyDea.Domain\MyDea.Domain.csproj", "{F3E17812-6C97-42FC-8A00-63779029CBAD}"
EndProject
Project("{FAE04EC0-301F-11D3-BF4B-00C04F79EFBC}") = "MyDea.UI.Xamarin.Android", "MyDea.UI.Xamarin\MyDea.UI.Xamarin.Android\MyDea.UI.Xamarin.Android.csproj", "{A3C27B19-2D63-4ABC-B40F-409F6F46894F}"
EndProject
Project("{FAE04EC0-301F-11D3-BF4B-00C04F79EFBC}") = "MyDea.UI.Xamarin.iOS", "MyDea.UI.Xamarin\MyDea.UI.Xamarin.iOS\MyDea.UI.Xamarin.iOS.csproj", "{95EC309E-2F3C-4051-8D97-C8D115D8D456}"
EndProject
Project("{FAE04EC0-301F-11D3-BF4B-00C04F79EFBC}") = "MyDea.UI.Xamarin.UWP", "MyDea.UI.Xamarin\MyDea.UI.Xamarin.UWP\MyDea.UI.Xamarin.UWP.csproj", "{1B554FD2-AEE3-4804-A4A5-1D7BC4F805E5}"
EndProject
Project("{9A19103F-16F7-4668-BE54-9A1E7A4F7556}") = "MyDea.UI.Xamarin", "MyDea.UI.Xamarin\MyDea.UI.Xamarin\MyDea.UI.Xamarin.csproj", "{E4C18A6C-C749-4E08-8533-E77EA0345FB4}"
EndProject
Project("{FAE04EC0-301F-11D3-BF4B-00C04F79EFBC}") = "MyDea.UI.NativeViewModels", "MyDea.UI.NativeViewModels\MyDea.UI.NativeViewModels.csproj", "{7B0948B3-9A4D-4BE7-8D2A-6343722DB0C4}"
EndProject
Project("{FAE04EC0-301F-11D3-BF4B-00C04F79EFBC}") = "MyDea.UI.NativeViewModels.Tests", "MyDea.UI.NativeViewModels.Tests\MyDea.UI.NativeViewModels.Tests.csproj", "{98E5649E-9492-4BDD-AB5F-4231785AB41C}"
EndProject
Project("{FAE04EC0-301F-11D3-BF4B-00C04F79EFBC}") = "MyDea.Domain.Tests", "MyDea.Domain.Tests\MyDea.Domain.Tests.csproj", "{A0771DE6-D659-46D9-A189-5E798C641B28}"
EndProject
Project("{FAE04EC0-301F-11D3-BF4B-00C04F79EFBC}") = "MyDea.Data.NetStandart", "MyDea.Data.NetStandart\MyDea.Data.NetStandart.csproj", "{38271435-3FED-4D82-893B-3D19BF30E6FF}"
EndProject
Project("{FAE04EC0-301F-11D3-BF4B-00C04F79EFBC}") = "MyDea.Data.NetStandart.Tests", "MyDea.Data.NetStandart.Tests\MyDea.Data.NetStandart.Tests.csproj", "{69913AE6-B93B-4115-BBF5-99EAFE3309CB}"
EndProject
Global
	GlobalSection(SolutionConfigurationPlatforms) = preSolution
		Ad-Hoc|Any CPU = Ad-Hoc|Any CPU
		Ad-Hoc|ARM = Ad-Hoc|ARM
		Ad-Hoc|iPhone = Ad-Hoc|iPhone
		Ad-Hoc|iPhoneSimulator = Ad-Hoc|iPhoneSimulator
		Ad-Hoc|x64 = Ad-Hoc|x64
		Ad-Hoc|x86 = Ad-Hoc|x86
		AppStore|Any CPU = AppStore|Any CPU
		AppStore|ARM = AppStore|ARM
		AppStore|iPhone = AppStore|iPhone
		AppStore|iPhoneSimulator = AppStore|iPhoneSimulator
		AppStore|x64 = AppStore|x64
		AppStore|x86 = AppStore|x86
		Debug|Any CPU = Debug|Any CPU
		Debug|ARM = Debug|ARM
		Debug|iPhone = Debug|iPhone
		Debug|iPhoneSimulator = Debug|iPhoneSimulator
		Debug|x64 = Debug|x64
		Debug|x86 = Debug|x86
		Release|Any CPU = Release|Any CPU
		Release|ARM = Release|ARM
		Release|iPhone = Release|iPhone
		Release|iPhoneSimulator = Release|iPhoneSimulator
		Release|x64 = Release|x64
		Release|x86 = Release|x86
	EndGlobalSection
	GlobalSection(ProjectConfigurationPlatforms) = postSolution
		{F3E17812-6C97-42FC-8A00-63779029CBAD}.Ad-Hoc|Any CPU.ActiveCfg = Release|Any CPU
		{F3E17812-6C97-42FC-8A00-63779029CBAD}.Ad-Hoc|Any CPU.Build.0 = Release|Any CPU
		{F3E17812-6C97-42FC-8A00-63779029CBAD}.Ad-Hoc|ARM.ActiveCfg = Release|Any CPU
		{F3E17812-6C97-42FC-8A00-63779029CBAD}.Ad-Hoc|ARM.Build.0 = Release|Any CPU
		{F3E17812-6C97-42FC-8A00-63779029CBAD}.Ad-Hoc|iPhone.ActiveCfg = Release|Any CPU
		{F3E17812-6C97-42FC-8A00-63779029CBAD}.Ad-Hoc|iPhone.Build.0 = Release|Any CPU
		{F3E17812-6C97-42FC-8A00-63779029CBAD}.Ad-Hoc|iPhoneSimulator.ActiveCfg = Release|Any CPU
		{F3E17812-6C97-42FC-8A00-63779029CBAD}.Ad-Hoc|iPhoneSimulator.Build.0 = Release|Any CPU
		{F3E17812-6C97-42FC-8A00-63779029CBAD}.Ad-Hoc|x64.ActiveCfg = Release|Any CPU
		{F3E17812-6C97-42FC-8A00-63779029CBAD}.Ad-Hoc|x64.Build.0 = Release|Any CPU
		{F3E17812-6C97-42FC-8A00-63779029CBAD}.Ad-Hoc|x86.ActiveCfg = Release|Any CPU
		{F3E17812-6C97-42FC-8A00-63779029CBAD}.Ad-Hoc|x86.Build.0 = Release|Any CPU
		{F3E17812-6C97-42FC-8A00-63779029CBAD}.AppStore|Any CPU.ActiveCfg = Release|Any CPU
		{F3E17812-6C97-42FC-8A00-63779029CBAD}.AppStore|Any CPU.Build.0 = Release|Any CPU
		{F3E17812-6C97-42FC-8A00-63779029CBAD}.AppStore|ARM.ActiveCfg = Release|Any CPU
		{F3E17812-6C97-42FC-8A00-63779029CBAD}.AppStore|ARM.Build.0 = Release|Any CPU
		{F3E17812-6C97-42FC-8A00-63779029CBAD}.AppStore|iPhone.ActiveCfg = Release|Any CPU
		{F3E17812-6C97-42FC-8A00-63779029CBAD}.AppStore|iPhone.Build.0 = Release|Any CPU
		{F3E17812-6C97-42FC-8A00-63779029CBAD}.AppStore|iPhoneSimulator.ActiveCfg = Release|Any CPU
		{F3E17812-6C97-42FC-8A00-63779029CBAD}.AppStore|iPhoneSimulator.Build.0 = Release|Any CPU
		{F3E17812-6C97-42FC-8A00-63779029CBAD}.AppStore|x64.ActiveCfg = Release|Any CPU
		{F3E17812-6C97-42FC-8A00-63779029CBAD}.AppStore|x64.Build.0 = Release|Any CPU
		{F3E17812-6C97-42FC-8A00-63779029CBAD}.AppStore|x86.ActiveCfg = Release|Any CPU
		{F3E17812-6C97-42FC-8A00-63779029CBAD}.AppStore|x86.Build.0 = Release|Any CPU
		{F3E17812-6C97-42FC-8A00-63779029CBAD}.Debug|Any CPU.ActiveCfg = Debug|Any CPU
		{F3E17812-6C97-42FC-8A00-63779029CBAD}.Debug|Any CPU.Build.0 = Debug|Any CPU
		{F3E17812-6C97-42FC-8A00-63779029CBAD}.Debug|ARM.ActiveCfg = Debug|Any CPU
		{F3E17812-6C97-42FC-8A00-63779029CBAD}.Debug|ARM.Build.0 = Debug|Any CPU
		{F3E17812-6C97-42FC-8A00-63779029CBAD}.Debug|iPhone.ActiveCfg = Debug|Any CPU
		{F3E17812-6C97-42FC-8A00-63779029CBAD}.Debug|iPhone.Build.0 = Debug|Any CPU
		{F3E17812-6C97-42FC-8A00-63779029CBAD}.Debug|iPhoneSimulator.ActiveCfg = Debug|Any CPU
		{F3E17812-6C97-42FC-8A00-63779029CBAD}.Debug|iPhoneSimulator.Build.0 = Debug|Any CPU
		{F3E17812-6C97-42FC-8A00-63779029CBAD}.Debug|x64.ActiveCfg = Debug|Any CPU
		{F3E17812-6C97-42FC-8A00-63779029CBAD}.Debug|x64.Build.0 = Debug|Any CPU
		{F3E17812-6C97-42FC-8A00-63779029CBAD}.Debug|x86.ActiveCfg = Debug|Any CPU
		{F3E17812-6C97-42FC-8A00-63779029CBAD}.Debug|x86.Build.0 = Debug|Any CPU
		{F3E17812-6C97-42FC-8A00-63779029CBAD}.Release|Any CPU.ActiveCfg = Release|Any CPU
		{F3E17812-6C97-42FC-8A00-63779029CBAD}.Release|Any CPU.Build.0 = Release|Any CPU
		{F3E17812-6C97-42FC-8A00-63779029CBAD}.Release|ARM.ActiveCfg = Release|Any CPU
		{F3E17812-6C97-42FC-8A00-63779029CBAD}.Release|ARM.Build.0 = Release|Any CPU
		{F3E17812-6C97-42FC-8A00-63779029CBAD}.Release|iPhone.ActiveCfg = Release|Any CPU
		{F3E17812-6C97-42FC-8A00-63779029CBAD}.Release|iPhone.Build.0 = Release|Any CPU
		{F3E17812-6C97-42FC-8A00-63779029CBAD}.Release|iPhoneSimulator.ActiveCfg = Release|Any CPU
		{F3E17812-6C97-42FC-8A00-63779029CBAD}.Release|iPhoneSimulator.Build.0 = Release|Any CPU
		{F3E17812-6C97-42FC-8A00-63779029CBAD}.Release|x64.ActiveCfg = Release|Any CPU
		{F3E17812-6C97-42FC-8A00-63779029CBAD}.Release|x64.Build.0 = Release|Any CPU
		{F3E17812-6C97-42FC-8A00-63779029CBAD}.Release|x86.ActiveCfg = Release|Any CPU
		{F3E17812-6C97-42FC-8A00-63779029CBAD}.Release|x86.Build.0 = Release|Any CPU
		{A3C27B19-2D63-4ABC-B40F-409F6F46894F}.Ad-Hoc|Any CPU.ActiveCfg = Release|Any CPU
		{A3C27B19-2D63-4ABC-B40F-409F6F46894F}.Ad-Hoc|Any CPU.Build.0 = Release|Any CPU
		{A3C27B19-2D63-4ABC-B40F-409F6F46894F}.Ad-Hoc|Any CPU.Deploy.0 = Release|Any CPU
		{A3C27B19-2D63-4ABC-B40F-409F6F46894F}.Ad-Hoc|ARM.ActiveCfg = Release|Any CPU
		{A3C27B19-2D63-4ABC-B40F-409F6F46894F}.Ad-Hoc|ARM.Build.0 = Release|Any CPU
		{A3C27B19-2D63-4ABC-B40F-409F6F46894F}.Ad-Hoc|ARM.Deploy.0 = Release|Any CPU
		{A3C27B19-2D63-4ABC-B40F-409F6F46894F}.Ad-Hoc|iPhone.ActiveCfg = Release|Any CPU
		{A3C27B19-2D63-4ABC-B40F-409F6F46894F}.Ad-Hoc|iPhone.Build.0 = Release|Any CPU
		{A3C27B19-2D63-4ABC-B40F-409F6F46894F}.Ad-Hoc|iPhone.Deploy.0 = Release|Any CPU
		{A3C27B19-2D63-4ABC-B40F-409F6F46894F}.Ad-Hoc|iPhoneSimulator.ActiveCfg = Release|Any CPU
		{A3C27B19-2D63-4ABC-B40F-409F6F46894F}.Ad-Hoc|iPhoneSimulator.Build.0 = Release|Any CPU
		{A3C27B19-2D63-4ABC-B40F-409F6F46894F}.Ad-Hoc|iPhoneSimulator.Deploy.0 = Release|Any CPU
		{A3C27B19-2D63-4ABC-B40F-409F6F46894F}.Ad-Hoc|x64.ActiveCfg = Release|Any CPU
		{A3C27B19-2D63-4ABC-B40F-409F6F46894F}.Ad-Hoc|x64.Build.0 = Release|Any CPU
		{A3C27B19-2D63-4ABC-B40F-409F6F46894F}.Ad-Hoc|x64.Deploy.0 = Release|Any CPU
		{A3C27B19-2D63-4ABC-B40F-409F6F46894F}.Ad-Hoc|x86.ActiveCfg = Release|Any CPU
		{A3C27B19-2D63-4ABC-B40F-409F6F46894F}.Ad-Hoc|x86.Build.0 = Release|Any CPU
		{A3C27B19-2D63-4ABC-B40F-409F6F46894F}.Ad-Hoc|x86.Deploy.0 = Release|Any CPU
		{A3C27B19-2D63-4ABC-B40F-409F6F46894F}.AppStore|Any CPU.ActiveCfg = Release|Any CPU
		{A3C27B19-2D63-4ABC-B40F-409F6F46894F}.AppStore|Any CPU.Build.0 = Release|Any CPU
		{A3C27B19-2D63-4ABC-B40F-409F6F46894F}.AppStore|Any CPU.Deploy.0 = Release|Any CPU
		{A3C27B19-2D63-4ABC-B40F-409F6F46894F}.AppStore|ARM.ActiveCfg = Release|Any CPU
		{A3C27B19-2D63-4ABC-B40F-409F6F46894F}.AppStore|ARM.Build.0 = Release|Any CPU
		{A3C27B19-2D63-4ABC-B40F-409F6F46894F}.AppStore|ARM.Deploy.0 = Release|Any CPU
		{A3C27B19-2D63-4ABC-B40F-409F6F46894F}.AppStore|iPhone.ActiveCfg = Release|Any CPU
		{A3C27B19-2D63-4ABC-B40F-409F6F46894F}.AppStore|iPhone.Build.0 = Release|Any CPU
		{A3C27B19-2D63-4ABC-B40F-409F6F46894F}.AppStore|iPhone.Deploy.0 = Release|Any CPU
		{A3C27B19-2D63-4ABC-B40F-409F6F46894F}.AppStore|iPhoneSimulator.ActiveCfg = Release|Any CPU
		{A3C27B19-2D63-4ABC-B40F-409F6F46894F}.AppStore|iPhoneSimulator.Build.0 = Release|Any CPU
		{A3C27B19-2D63-4ABC-B40F-409F6F46894F}.AppStore|iPhoneSimulator.Deploy.0 = Release|Any CPU
		{A3C27B19-2D63-4ABC-B40F-409F6F46894F}.AppStore|x64.ActiveCfg = Release|Any CPU
		{A3C27B19-2D63-4ABC-B40F-409F6F46894F}.AppStore|x64.Build.0 = Release|Any CPU
		{A3C27B19-2D63-4ABC-B40F-409F6F46894F}.AppStore|x64.Deploy.0 = Release|Any CPU
		{A3C27B19-2D63-4ABC-B40F-409F6F46894F}.AppStore|x86.ActiveCfg = Release|Any CPU
		{A3C27B19-2D63-4ABC-B40F-409F6F46894F}.AppStore|x86.Build.0 = Release|Any CPU
		{A3C27B19-2D63-4ABC-B40F-409F6F46894F}.AppStore|x86.Deploy.0 = Release|Any CPU
		{A3C27B19-2D63-4ABC-B40F-409F6F46894F}.Debug|Any CPU.ActiveCfg = Debug|Any CPU
		{A3C27B19-2D63-4ABC-B40F-409F6F46894F}.Debug|Any CPU.Build.0 = Debug|Any CPU
		{A3C27B19-2D63-4ABC-B40F-409F6F46894F}.Debug|Any CPU.Deploy.0 = Debug|Any CPU
		{A3C27B19-2D63-4ABC-B40F-409F6F46894F}.Debug|ARM.ActiveCfg = Debug|Any CPU
		{A3C27B19-2D63-4ABC-B40F-409F6F46894F}.Debug|ARM.Build.0 = Debug|Any CPU
		{A3C27B19-2D63-4ABC-B40F-409F6F46894F}.Debug|ARM.Deploy.0 = Debug|Any CPU
		{A3C27B19-2D63-4ABC-B40F-409F6F46894F}.Debug|iPhone.ActiveCfg = Debug|Any CPU
		{A3C27B19-2D63-4ABC-B40F-409F6F46894F}.Debug|iPhone.Build.0 = Debug|Any CPU
		{A3C27B19-2D63-4ABC-B40F-409F6F46894F}.Debug|iPhone.Deploy.0 = Debug|Any CPU
		{A3C27B19-2D63-4ABC-B40F-409F6F46894F}.Debug|iPhoneSimulator.ActiveCfg = Debug|Any CPU
		{A3C27B19-2D63-4ABC-B40F-409F6F46894F}.Debug|iPhoneSimulator.Build.0 = Debug|Any CPU
		{A3C27B19-2D63-4ABC-B40F-409F6F46894F}.Debug|iPhoneSimulator.Deploy.0 = Debug|Any CPU
		{A3C27B19-2D63-4ABC-B40F-409F6F46894F}.Debug|x64.ActiveCfg = Debug|Any CPU
		{A3C27B19-2D63-4ABC-B40F-409F6F46894F}.Debug|x64.Build.0 = Debug|Any CPU
		{A3C27B19-2D63-4ABC-B40F-409F6F46894F}.Debug|x64.Deploy.0 = Debug|Any CPU
		{A3C27B19-2D63-4ABC-B40F-409F6F46894F}.Debug|x86.ActiveCfg = Debug|Any CPU
		{A3C27B19-2D63-4ABC-B40F-409F6F46894F}.Debug|x86.Build.0 = Debug|Any CPU
		{A3C27B19-2D63-4ABC-B40F-409F6F46894F}.Debug|x86.Deploy.0 = Debug|Any CPU
		{A3C27B19-2D63-4ABC-B40F-409F6F46894F}.Release|Any CPU.ActiveCfg = Release|Any CPU
		{A3C27B19-2D63-4ABC-B40F-409F6F46894F}.Release|Any CPU.Build.0 = Release|Any CPU
		{A3C27B19-2D63-4ABC-B40F-409F6F46894F}.Release|Any CPU.Deploy.0 = Release|Any CPU
		{A3C27B19-2D63-4ABC-B40F-409F6F46894F}.Release|ARM.ActiveCfg = Release|Any CPU
		{A3C27B19-2D63-4ABC-B40F-409F6F46894F}.Release|ARM.Build.0 = Release|Any CPU
		{A3C27B19-2D63-4ABC-B40F-409F6F46894F}.Release|ARM.Deploy.0 = Release|Any CPU
		{A3C27B19-2D63-4ABC-B40F-409F6F46894F}.Release|iPhone.ActiveCfg = Release|Any CPU
		{A3C27B19-2D63-4ABC-B40F-409F6F46894F}.Release|iPhone.Build.0 = Release|Any CPU
		{A3C27B19-2D63-4ABC-B40F-409F6F46894F}.Release|iPhone.Deploy.0 = Release|Any CPU
		{A3C27B19-2D63-4ABC-B40F-409F6F46894F}.Release|iPhoneSimulator.ActiveCfg = Release|Any CPU
		{A3C27B19-2D63-4ABC-B40F-409F6F46894F}.Release|iPhoneSimulator.Build.0 = Release|Any CPU
		{A3C27B19-2D63-4ABC-B40F-409F6F46894F}.Release|iPhoneSimulator.Deploy.0 = Release|Any CPU
		{A3C27B19-2D63-4ABC-B40F-409F6F46894F}.Release|x64.ActiveCfg = Release|Any CPU
		{A3C27B19-2D63-4ABC-B40F-409F6F46894F}.Release|x64.Build.0 = Release|Any CPU
		{A3C27B19-2D63-4ABC-B40F-409F6F46894F}.Release|x64.Deploy.0 = Release|Any CPU
		{A3C27B19-2D63-4ABC-B40F-409F6F46894F}.Release|x86.ActiveCfg = Release|Any CPU
		{A3C27B19-2D63-4ABC-B40F-409F6F46894F}.Release|x86.Build.0 = Release|Any CPU
		{A3C27B19-2D63-4ABC-B40F-409F6F46894F}.Release|x86.Deploy.0 = Release|Any CPU
		{95EC309E-2F3C-4051-8D97-C8D115D8D456}.Ad-Hoc|Any CPU.ActiveCfg = Ad-Hoc|iPhone
		{95EC309E-2F3C-4051-8D97-C8D115D8D456}.Ad-Hoc|ARM.ActiveCfg = Ad-Hoc|iPhone
		{95EC309E-2F3C-4051-8D97-C8D115D8D456}.Ad-Hoc|iPhone.ActiveCfg = Ad-Hoc|iPhone
		{95EC309E-2F3C-4051-8D97-C8D115D8D456}.Ad-Hoc|iPhone.Build.0 = Ad-Hoc|iPhone
		{95EC309E-2F3C-4051-8D97-C8D115D8D456}.Ad-Hoc|iPhoneSimulator.ActiveCfg = Ad-Hoc|iPhoneSimulator
		{95EC309E-2F3C-4051-8D97-C8D115D8D456}.Ad-Hoc|iPhoneSimulator.Build.0 = Ad-Hoc|iPhoneSimulator
		{95EC309E-2F3C-4051-8D97-C8D115D8D456}.Ad-Hoc|x64.ActiveCfg = Ad-Hoc|iPhone
		{95EC309E-2F3C-4051-8D97-C8D115D8D456}.Ad-Hoc|x86.ActiveCfg = Ad-Hoc|iPhone
		{95EC309E-2F3C-4051-8D97-C8D115D8D456}.AppStore|Any CPU.ActiveCfg = AppStore|iPhone
		{95EC309E-2F3C-4051-8D97-C8D115D8D456}.AppStore|ARM.ActiveCfg = AppStore|iPhone
		{95EC309E-2F3C-4051-8D97-C8D115D8D456}.AppStore|iPhone.ActiveCfg = AppStore|iPhone
		{95EC309E-2F3C-4051-8D97-C8D115D8D456}.AppStore|iPhone.Build.0 = AppStore|iPhone
		{95EC309E-2F3C-4051-8D97-C8D115D8D456}.AppStore|iPhoneSimulator.ActiveCfg = AppStore|iPhoneSimulator
		{95EC309E-2F3C-4051-8D97-C8D115D8D456}.AppStore|iPhoneSimulator.Build.0 = AppStore|iPhoneSimulator
		{95EC309E-2F3C-4051-8D97-C8D115D8D456}.AppStore|x64.ActiveCfg = AppStore|iPhone
		{95EC309E-2F3C-4051-8D97-C8D115D8D456}.AppStore|x86.ActiveCfg = AppStore|iPhone
		{95EC309E-2F3C-4051-8D97-C8D115D8D456}.Debug|Any CPU.ActiveCfg = Debug|iPhone
		{95EC309E-2F3C-4051-8D97-C8D115D8D456}.Debug|ARM.ActiveCfg = Debug|iPhone
		{95EC309E-2F3C-4051-8D97-C8D115D8D456}.Debug|iPhone.ActiveCfg = Debug|iPhone
		{95EC309E-2F3C-4051-8D97-C8D115D8D456}.Debug|iPhone.Build.0 = Debug|iPhone
		{95EC309E-2F3C-4051-8D97-C8D115D8D456}.Debug|iPhoneSimulator.ActiveCfg = Debug|iPhoneSimulator
		{95EC309E-2F3C-4051-8D97-C8D115D8D456}.Debug|iPhoneSimulator.Build.0 = Debug|iPhoneSimulator
		{95EC309E-2F3C-4051-8D97-C8D115D8D456}.Debug|x64.ActiveCfg = Debug|iPhone
		{95EC309E-2F3C-4051-8D97-C8D115D8D456}.Debug|x86.ActiveCfg = Debug|iPhone
		{95EC309E-2F3C-4051-8D97-C8D115D8D456}.Release|Any CPU.ActiveCfg = Release|iPhone
		{95EC309E-2F3C-4051-8D97-C8D115D8D456}.Release|ARM.ActiveCfg = Release|iPhone
		{95EC309E-2F3C-4051-8D97-C8D115D8D456}.Release|iPhone.ActiveCfg = Release|iPhone
		{95EC309E-2F3C-4051-8D97-C8D115D8D456}.Release|iPhone.Build.0 = Release|iPhone
		{95EC309E-2F3C-4051-8D97-C8D115D8D456}.Release|iPhoneSimulator.ActiveCfg = Release|iPhoneSimulator
		{95EC309E-2F3C-4051-8D97-C8D115D8D456}.Release|iPhoneSimulator.Build.0 = Release|iPhoneSimulator
		{95EC309E-2F3C-4051-8D97-C8D115D8D456}.Release|x64.ActiveCfg = Release|iPhone
		{95EC309E-2F3C-4051-8D97-C8D115D8D456}.Release|x86.ActiveCfg = Release|iPhone
		{1B554FD2-AEE3-4804-A4A5-1D7BC4F805E5}.Ad-Hoc|Any CPU.ActiveCfg = Release|x86
		{1B554FD2-AEE3-4804-A4A5-1D7BC4F805E5}.Ad-Hoc|Any CPU.Build.0 = Release|x86
		{1B554FD2-AEE3-4804-A4A5-1D7BC4F805E5}.Ad-Hoc|Any CPU.Deploy.0 = Release|x86
		{1B554FD2-AEE3-4804-A4A5-1D7BC4F805E5}.Ad-Hoc|ARM.ActiveCfg = Release|ARM
		{1B554FD2-AEE3-4804-A4A5-1D7BC4F805E5}.Ad-Hoc|ARM.Build.0 = Release|ARM
		{1B554FD2-AEE3-4804-A4A5-1D7BC4F805E5}.Ad-Hoc|ARM.Deploy.0 = Release|ARM
		{1B554FD2-AEE3-4804-A4A5-1D7BC4F805E5}.Ad-Hoc|iPhone.ActiveCfg = Release|x86
		{1B554FD2-AEE3-4804-A4A5-1D7BC4F805E5}.Ad-Hoc|iPhone.Build.0 = Release|x86
		{1B554FD2-AEE3-4804-A4A5-1D7BC4F805E5}.Ad-Hoc|iPhone.Deploy.0 = Release|x86
		{1B554FD2-AEE3-4804-A4A5-1D7BC4F805E5}.Ad-Hoc|iPhoneSimulator.ActiveCfg = Release|x86
		{1B554FD2-AEE3-4804-A4A5-1D7BC4F805E5}.Ad-Hoc|iPhoneSimulator.Build.0 = Release|x86
		{1B554FD2-AEE3-4804-A4A5-1D7BC4F805E5}.Ad-Hoc|iPhoneSimulator.Deploy.0 = Release|x86
		{1B554FD2-AEE3-4804-A4A5-1D7BC4F805E5}.Ad-Hoc|x64.ActiveCfg = Release|x64
		{1B554FD2-AEE3-4804-A4A5-1D7BC4F805E5}.Ad-Hoc|x64.Build.0 = Release|x64
		{1B554FD2-AEE3-4804-A4A5-1D7BC4F805E5}.Ad-Hoc|x64.Deploy.0 = Release|x64
		{1B554FD2-AEE3-4804-A4A5-1D7BC4F805E5}.Ad-Hoc|x86.ActiveCfg = Release|x86
		{1B554FD2-AEE3-4804-A4A5-1D7BC4F805E5}.Ad-Hoc|x86.Build.0 = Release|x86
		{1B554FD2-AEE3-4804-A4A5-1D7BC4F805E5}.Ad-Hoc|x86.Deploy.0 = Release|x86
		{1B554FD2-AEE3-4804-A4A5-1D7BC4F805E5}.AppStore|Any CPU.ActiveCfg = Release|x86
		{1B554FD2-AEE3-4804-A4A5-1D7BC4F805E5}.AppStore|Any CPU.Build.0 = Release|x86
		{1B554FD2-AEE3-4804-A4A5-1D7BC4F805E5}.AppStore|Any CPU.Deploy.0 = Release|x86
		{1B554FD2-AEE3-4804-A4A5-1D7BC4F805E5}.AppStore|ARM.ActiveCfg = Release|ARM
		{1B554FD2-AEE3-4804-A4A5-1D7BC4F805E5}.AppStore|ARM.Build.0 = Release|ARM
		{1B554FD2-AEE3-4804-A4A5-1D7BC4F805E5}.AppStore|ARM.Deploy.0 = Release|ARM
		{1B554FD2-AEE3-4804-A4A5-1D7BC4F805E5}.AppStore|iPhone.ActiveCfg = Release|x86
		{1B554FD2-AEE3-4804-A4A5-1D7BC4F805E5}.AppStore|iPhone.Build.0 = Release|x86
		{1B554FD2-AEE3-4804-A4A5-1D7BC4F805E5}.AppStore|iPhone.Deploy.0 = Release|x86
		{1B554FD2-AEE3-4804-A4A5-1D7BC4F805E5}.AppStore|iPhoneSimulator.ActiveCfg = Release|x86
		{1B554FD2-AEE3-4804-A4A5-1D7BC4F805E5}.AppStore|iPhoneSimulator.Build.0 = Release|x86
		{1B554FD2-AEE3-4804-A4A5-1D7BC4F805E5}.AppStore|iPhoneSimulator.Deploy.0 = Release|x86
		{1B554FD2-AEE3-4804-A4A5-1D7BC4F805E5}.AppStore|x64.ActiveCfg = Release|x64
		{1B554FD2-AEE3-4804-A4A5-1D7BC4F805E5}.AppStore|x64.Build.0 = Release|x64
		{1B554FD2-AEE3-4804-A4A5-1D7BC4F805E5}.AppStore|x64.Deploy.0 = Release|x64
		{1B554FD2-AEE3-4804-A4A5-1D7BC4F805E5}.AppStore|x86.ActiveCfg = Release|x86
		{1B554FD2-AEE3-4804-A4A5-1D7BC4F805E5}.AppStore|x86.Build.0 = Release|x86
		{1B554FD2-AEE3-4804-A4A5-1D7BC4F805E5}.AppStore|x86.Deploy.0 = Release|x86
		{1B554FD2-AEE3-4804-A4A5-1D7BC4F805E5}.Debug|Any CPU.ActiveCfg = Debug|x86
		{1B554FD2-AEE3-4804-A4A5-1D7BC4F805E5}.Debug|ARM.ActiveCfg = Debug|ARM
		{1B554FD2-AEE3-4804-A4A5-1D7BC4F805E5}.Debug|ARM.Build.0 = Debug|ARM
		{1B554FD2-AEE3-4804-A4A5-1D7BC4F805E5}.Debug|ARM.Deploy.0 = Debug|ARM
		{1B554FD2-AEE3-4804-A4A5-1D7BC4F805E5}.Debug|iPhone.ActiveCfg = Debug|x86
		{1B554FD2-AEE3-4804-A4A5-1D7BC4F805E5}.Debug|iPhoneSimulator.ActiveCfg = Debug|x86
		{1B554FD2-AEE3-4804-A4A5-1D7BC4F805E5}.Debug|x64.ActiveCfg = Debug|x64
		{1B554FD2-AEE3-4804-A4A5-1D7BC4F805E5}.Debug|x64.Build.0 = Debug|x64
		{1B554FD2-AEE3-4804-A4A5-1D7BC4F805E5}.Debug|x64.Deploy.0 = Debug|x64
		{1B554FD2-AEE3-4804-A4A5-1D7BC4F805E5}.Debug|x86.ActiveCfg = Debug|x86
		{1B554FD2-AEE3-4804-A4A5-1D7BC4F805E5}.Debug|x86.Build.0 = Debug|x86
		{1B554FD2-AEE3-4804-A4A5-1D7BC4F805E5}.Debug|x86.Deploy.0 = Debug|x86
		{1B554FD2-AEE3-4804-A4A5-1D7BC4F805E5}.Release|Any CPU.ActiveCfg = Release|x86
		{1B554FD2-AEE3-4804-A4A5-1D7BC4F805E5}.Release|ARM.ActiveCfg = Release|ARM
		{1B554FD2-AEE3-4804-A4A5-1D7BC4F805E5}.Release|ARM.Build.0 = Release|ARM
		{1B554FD2-AEE3-4804-A4A5-1D7BC4F805E5}.Release|ARM.Deploy.0 = Release|ARM
		{1B554FD2-AEE3-4804-A4A5-1D7BC4F805E5}.Release|iPhone.ActiveCfg = Release|x86
		{1B554FD2-AEE3-4804-A4A5-1D7BC4F805E5}.Release|iPhoneSimulator.ActiveCfg = Release|x86
		{1B554FD2-AEE3-4804-A4A5-1D7BC4F805E5}.Release|x64.ActiveCfg = Release|x64
		{1B554FD2-AEE3-4804-A4A5-1D7BC4F805E5}.Release|x64.Build.0 = Release|x64
		{1B554FD2-AEE3-4804-A4A5-1D7BC4F805E5}.Release|x64.Deploy.0 = Release|x64
		{1B554FD2-AEE3-4804-A4A5-1D7BC4F805E5}.Release|x86.ActiveCfg = Release|x86
		{1B554FD2-AEE3-4804-A4A5-1D7BC4F805E5}.Release|x86.Build.0 = Release|x86
		{1B554FD2-AEE3-4804-A4A5-1D7BC4F805E5}.Release|x86.Deploy.0 = Release|x86
		{E4C18A6C-C749-4E08-8533-E77EA0345FB4}.Ad-Hoc|Any CPU.ActiveCfg = Debug|Any CPU
		{E4C18A6C-C749-4E08-8533-E77EA0345FB4}.Ad-Hoc|Any CPU.Build.0 = Debug|Any CPU
		{E4C18A6C-C749-4E08-8533-E77EA0345FB4}.Ad-Hoc|ARM.ActiveCfg = Debug|Any CPU
		{E4C18A6C-C749-4E08-8533-E77EA0345FB4}.Ad-Hoc|ARM.Build.0 = Debug|Any CPU
		{E4C18A6C-C749-4E08-8533-E77EA0345FB4}.Ad-Hoc|iPhone.ActiveCfg = Debug|Any CPU
		{E4C18A6C-C749-4E08-8533-E77EA0345FB4}.Ad-Hoc|iPhone.Build.0 = Debug|Any CPU
		{E4C18A6C-C749-4E08-8533-E77EA0345FB4}.Ad-Hoc|iPhoneSimulator.ActiveCfg = Debug|Any CPU
		{E4C18A6C-C749-4E08-8533-E77EA0345FB4}.Ad-Hoc|iPhoneSimulator.Build.0 = Debug|Any CPU
		{E4C18A6C-C749-4E08-8533-E77EA0345FB4}.Ad-Hoc|x64.ActiveCfg = Debug|Any CPU
		{E4C18A6C-C749-4E08-8533-E77EA0345FB4}.Ad-Hoc|x64.Build.0 = Debug|Any CPU
		{E4C18A6C-C749-4E08-8533-E77EA0345FB4}.Ad-Hoc|x86.ActiveCfg = Debug|Any CPU
		{E4C18A6C-C749-4E08-8533-E77EA0345FB4}.Ad-Hoc|x86.Build.0 = Debug|Any CPU
		{E4C18A6C-C749-4E08-8533-E77EA0345FB4}.AppStore|Any CPU.ActiveCfg = Debug|Any CPU
		{E4C18A6C-C749-4E08-8533-E77EA0345FB4}.AppStore|Any CPU.Build.0 = Debug|Any CPU
		{E4C18A6C-C749-4E08-8533-E77EA0345FB4}.AppStore|ARM.ActiveCfg = Debug|Any CPU
		{E4C18A6C-C749-4E08-8533-E77EA0345FB4}.AppStore|ARM.Build.0 = Debug|Any CPU
		{E4C18A6C-C749-4E08-8533-E77EA0345FB4}.AppStore|iPhone.ActiveCfg = Debug|Any CPU
		{E4C18A6C-C749-4E08-8533-E77EA0345FB4}.AppStore|iPhone.Build.0 = Debug|Any CPU
		{E4C18A6C-C749-4E08-8533-E77EA0345FB4}.AppStore|iPhoneSimulator.ActiveCfg = Debug|Any CPU
		{E4C18A6C-C749-4E08-8533-E77EA0345FB4}.AppStore|iPhoneSimulator.Build.0 = Debug|Any CPU
		{E4C18A6C-C749-4E08-8533-E77EA0345FB4}.AppStore|x64.ActiveCfg = Debug|Any CPU
		{E4C18A6C-C749-4E08-8533-E77EA0345FB4}.AppStore|x64.Build.0 = Debug|Any CPU
		{E4C18A6C-C749-4E08-8533-E77EA0345FB4}.AppStore|x86.ActiveCfg = Debug|Any CPU
		{E4C18A6C-C749-4E08-8533-E77EA0345FB4}.AppStore|x86.Build.0 = Debug|Any CPU
		{E4C18A6C-C749-4E08-8533-E77EA0345FB4}.Debug|Any CPU.ActiveCfg = Debug|Any CPU
		{E4C18A6C-C749-4E08-8533-E77EA0345FB4}.Debug|Any CPU.Build.0 = Debug|Any CPU
		{E4C18A6C-C749-4E08-8533-E77EA0345FB4}.Debug|ARM.ActiveCfg = Debug|Any CPU
		{E4C18A6C-C749-4E08-8533-E77EA0345FB4}.Debug|ARM.Build.0 = Debug|Any CPU
		{E4C18A6C-C749-4E08-8533-E77EA0345FB4}.Debug|iPhone.ActiveCfg = Debug|Any CPU
		{E4C18A6C-C749-4E08-8533-E77EA0345FB4}.Debug|iPhone.Build.0 = Debug|Any CPU
		{E4C18A6C-C749-4E08-8533-E77EA0345FB4}.Debug|iPhoneSimulator.ActiveCfg = Debug|Any CPU
		{E4C18A6C-C749-4E08-8533-E77EA0345FB4}.Debug|iPhoneSimulator.Build.0 = Debug|Any CPU
		{E4C18A6C-C749-4E08-8533-E77EA0345FB4}.Debug|x64.ActiveCfg = Debug|Any CPU
		{E4C18A6C-C749-4E08-8533-E77EA0345FB4}.Debug|x64.Build.0 = Debug|Any CPU
		{E4C18A6C-C749-4E08-8533-E77EA0345FB4}.Debug|x86.ActiveCfg = Debug|Any CPU
		{E4C18A6C-C749-4E08-8533-E77EA0345FB4}.Debug|x86.Build.0 = Debug|Any CPU
		{E4C18A6C-C749-4E08-8533-E77EA0345FB4}.Release|Any CPU.ActiveCfg = Release|Any CPU
		{E4C18A6C-C749-4E08-8533-E77EA0345FB4}.Release|Any CPU.Build.0 = Release|Any CPU
		{E4C18A6C-C749-4E08-8533-E77EA0345FB4}.Release|ARM.ActiveCfg = Release|Any CPU
		{E4C18A6C-C749-4E08-8533-E77EA0345FB4}.Release|ARM.Build.0 = Release|Any CPU
		{E4C18A6C-C749-4E08-8533-E77EA0345FB4}.Release|iPhone.ActiveCfg = Release|Any CPU
		{E4C18A6C-C749-4E08-8533-E77EA0345FB4}.Release|iPhone.Build.0 = Release|Any CPU
		{E4C18A6C-C749-4E08-8533-E77EA0345FB4}.Release|iPhoneSimulator.ActiveCfg = Release|Any CPU
		{E4C18A6C-C749-4E08-8533-E77EA0345FB4}.Release|iPhoneSimulator.Build.0 = Release|Any CPU
		{E4C18A6C-C749-4E08-8533-E77EA0345FB4}.Release|x64.ActiveCfg = Release|Any CPU
		{E4C18A6C-C749-4E08-8533-E77EA0345FB4}.Release|x64.Build.0 = Release|Any CPU
		{E4C18A6C-C749-4E08-8533-E77EA0345FB4}.Release|x86.ActiveCfg = Release|Any CPU
		{E4C18A6C-C749-4E08-8533-E77EA0345FB4}.Release|x86.Build.0 = Release|Any CPU
		{7B0948B3-9A4D-4BE7-8D2A-6343722DB0C4}.Ad-Hoc|Any CPU.ActiveCfg = Debug|Any CPU
		{7B0948B3-9A4D-4BE7-8D2A-6343722DB0C4}.Ad-Hoc|Any CPU.Build.0 = Debug|Any CPU
		{7B0948B3-9A4D-4BE7-8D2A-6343722DB0C4}.Ad-Hoc|ARM.ActiveCfg = Debug|Any CPU
		{7B0948B3-9A4D-4BE7-8D2A-6343722DB0C4}.Ad-Hoc|ARM.Build.0 = Debug|Any CPU
		{7B0948B3-9A4D-4BE7-8D2A-6343722DB0C4}.Ad-Hoc|iPhone.ActiveCfg = Debug|Any CPU
		{7B0948B3-9A4D-4BE7-8D2A-6343722DB0C4}.Ad-Hoc|iPhone.Build.0 = Debug|Any CPU
		{7B0948B3-9A4D-4BE7-8D2A-6343722DB0C4}.Ad-Hoc|iPhoneSimulator.ActiveCfg = Debug|Any CPU
		{7B0948B3-9A4D-4BE7-8D2A-6343722DB0C4}.Ad-Hoc|iPhoneSimulator.Build.0 = Debug|Any CPU
		{7B0948B3-9A4D-4BE7-8D2A-6343722DB0C4}.Ad-Hoc|x64.ActiveCfg = Debug|Any CPU
		{7B0948B3-9A4D-4BE7-8D2A-6343722DB0C4}.Ad-Hoc|x64.Build.0 = Debug|Any CPU
		{7B0948B3-9A4D-4BE7-8D2A-6343722DB0C4}.Ad-Hoc|x86.ActiveCfg = Debug|Any CPU
		{7B0948B3-9A4D-4BE7-8D2A-6343722DB0C4}.Ad-Hoc|x86.Build.0 = Debug|Any CPU
		{7B0948B3-9A4D-4BE7-8D2A-6343722DB0C4}.AppStore|Any CPU.ActiveCfg = Debug|Any CPU
		{7B0948B3-9A4D-4BE7-8D2A-6343722DB0C4}.AppStore|Any CPU.Build.0 = Debug|Any CPU
		{7B0948B3-9A4D-4BE7-8D2A-6343722DB0C4}.AppStore|ARM.ActiveCfg = Debug|Any CPU
		{7B0948B3-9A4D-4BE7-8D2A-6343722DB0C4}.AppStore|ARM.Build.0 = Debug|Any CPU
		{7B0948B3-9A4D-4BE7-8D2A-6343722DB0C4}.AppStore|iPhone.ActiveCfg = Debug|Any CPU
		{7B0948B3-9A4D-4BE7-8D2A-6343722DB0C4}.AppStore|iPhone.Build.0 = Debug|Any CPU
		{7B0948B3-9A4D-4BE7-8D2A-6343722DB0C4}.AppStore|iPhoneSimulator.ActiveCfg = Debug|Any CPU
		{7B0948B3-9A4D-4BE7-8D2A-6343722DB0C4}.AppStore|iPhoneSimulator.Build.0 = Debug|Any CPU
		{7B0948B3-9A4D-4BE7-8D2A-6343722DB0C4}.AppStore|x64.ActiveCfg = Debug|Any CPU
		{7B0948B3-9A4D-4BE7-8D2A-6343722DB0C4}.AppStore|x64.Build.0 = Debug|Any CPU
		{7B0948B3-9A4D-4BE7-8D2A-6343722DB0C4}.AppStore|x86.ActiveCfg = Debug|Any CPU
		{7B0948B3-9A4D-4BE7-8D2A-6343722DB0C4}.AppStore|x86.Build.0 = Debug|Any CPU
		{7B0948B3-9A4D-4BE7-8D2A-6343722DB0C4}.Debug|Any CPU.ActiveCfg = Debug|Any CPU
		{7B0948B3-9A4D-4BE7-8D2A-6343722DB0C4}.Debug|Any CPU.Build.0 = Debug|Any CPU
		{7B0948B3-9A4D-4BE7-8D2A-6343722DB0C4}.Debug|ARM.ActiveCfg = Debug|Any CPU
		{7B0948B3-9A4D-4BE7-8D2A-6343722DB0C4}.Debug|ARM.Build.0 = Debug|Any CPU
		{7B0948B3-9A4D-4BE7-8D2A-6343722DB0C4}.Debug|iPhone.ActiveCfg = Debug|Any CPU
		{7B0948B3-9A4D-4BE7-8D2A-6343722DB0C4}.Debug|iPhone.Build.0 = Debug|Any CPU
		{7B0948B3-9A4D-4BE7-8D2A-6343722DB0C4}.Debug|iPhoneSimulator.ActiveCfg = Debug|Any CPU
		{7B0948B3-9A4D-4BE7-8D2A-6343722DB0C4}.Debug|iPhoneSimulator.Build.0 = Debug|Any CPU
		{7B0948B3-9A4D-4BE7-8D2A-6343722DB0C4}.Debug|x64.ActiveCfg = Debug|Any CPU
		{7B0948B3-9A4D-4BE7-8D2A-6343722DB0C4}.Debug|x64.Build.0 = Debug|Any CPU
		{7B0948B3-9A4D-4BE7-8D2A-6343722DB0C4}.Debug|x86.ActiveCfg = Debug|Any CPU
		{7B0948B3-9A4D-4BE7-8D2A-6343722DB0C4}.Debug|x86.Build.0 = Debug|Any CPU
		{7B0948B3-9A4D-4BE7-8D2A-6343722DB0C4}.Release|Any CPU.ActiveCfg = Release|Any CPU
		{7B0948B3-9A4D-4BE7-8D2A-6343722DB0C4}.Release|Any CPU.Build.0 = Release|Any CPU
		{7B0948B3-9A4D-4BE7-8D2A-6343722DB0C4}.Release|ARM.ActiveCfg = Release|Any CPU
		{7B0948B3-9A4D-4BE7-8D2A-6343722DB0C4}.Release|ARM.Build.0 = Release|Any CPU
		{7B0948B3-9A4D-4BE7-8D2A-6343722DB0C4}.Release|iPhone.ActiveCfg = Release|Any CPU
		{7B0948B3-9A4D-4BE7-8D2A-6343722DB0C4}.Release|iPhone.Build.0 = Release|Any CPU
		{7B0948B3-9A4D-4BE7-8D2A-6343722DB0C4}.Release|iPhoneSimulator.ActiveCfg = Release|Any CPU
		{7B0948B3-9A4D-4BE7-8D2A-6343722DB0C4}.Release|iPhoneSimulator.Build.0 = Release|Any CPU
		{7B0948B3-9A4D-4BE7-8D2A-6343722DB0C4}.Release|x64.ActiveCfg = Release|Any CPU
		{7B0948B3-9A4D-4BE7-8D2A-6343722DB0C4}.Release|x64.Build.0 = Release|Any CPU
		{7B0948B3-9A4D-4BE7-8D2A-6343722DB0C4}.Release|x86.ActiveCfg = Release|Any CPU
		{7B0948B3-9A4D-4BE7-8D2A-6343722DB0C4}.Release|x86.Build.0 = Release|Any CPU
		{98E5649E-9492-4BDD-AB5F-4231785AB41C}.Ad-Hoc|Any CPU.ActiveCfg = Release|Any CPU
		{98E5649E-9492-4BDD-AB5F-4231785AB41C}.Ad-Hoc|Any CPU.Build.0 = Release|Any CPU
		{98E5649E-9492-4BDD-AB5F-4231785AB41C}.Ad-Hoc|ARM.ActiveCfg = Release|Any CPU
		{98E5649E-9492-4BDD-AB5F-4231785AB41C}.Ad-Hoc|ARM.Build.0 = Release|Any CPU
		{98E5649E-9492-4BDD-AB5F-4231785AB41C}.Ad-Hoc|iPhone.ActiveCfg = Release|Any CPU
		{98E5649E-9492-4BDD-AB5F-4231785AB41C}.Ad-Hoc|iPhone.Build.0 = Release|Any CPU
		{98E5649E-9492-4BDD-AB5F-4231785AB41C}.Ad-Hoc|iPhoneSimulator.ActiveCfg = Release|Any CPU
		{98E5649E-9492-4BDD-AB5F-4231785AB41C}.Ad-Hoc|iPhoneSimulator.Build.0 = Release|Any CPU
		{98E5649E-9492-4BDD-AB5F-4231785AB41C}.Ad-Hoc|x64.ActiveCfg = Release|Any CPU
		{98E5649E-9492-4BDD-AB5F-4231785AB41C}.Ad-Hoc|x64.Build.0 = Release|Any CPU
		{98E5649E-9492-4BDD-AB5F-4231785AB41C}.Ad-Hoc|x86.ActiveCfg = Release|Any CPU
		{98E5649E-9492-4BDD-AB5F-4231785AB41C}.Ad-Hoc|x86.Build.0 = Release|Any CPU
		{98E5649E-9492-4BDD-AB5F-4231785AB41C}.AppStore|Any CPU.ActiveCfg = Release|Any CPU
		{98E5649E-9492-4BDD-AB5F-4231785AB41C}.AppStore|Any CPU.Build.0 = Release|Any CPU
		{98E5649E-9492-4BDD-AB5F-4231785AB41C}.AppStore|ARM.ActiveCfg = Release|Any CPU
		{98E5649E-9492-4BDD-AB5F-4231785AB41C}.AppStore|ARM.Build.0 = Release|Any CPU
		{98E5649E-9492-4BDD-AB5F-4231785AB41C}.AppStore|iPhone.ActiveCfg = Release|Any CPU
		{98E5649E-9492-4BDD-AB5F-4231785AB41C}.AppStore|iPhone.Build.0 = Release|Any CPU
		{98E5649E-9492-4BDD-AB5F-4231785AB41C}.AppStore|iPhoneSimulator.ActiveCfg = Release|Any CPU
		{98E5649E-9492-4BDD-AB5F-4231785AB41C}.AppStore|iPhoneSimulator.Build.0 = Release|Any CPU
		{98E5649E-9492-4BDD-AB5F-4231785AB41C}.AppStore|x64.ActiveCfg = Release|Any CPU
		{98E5649E-9492-4BDD-AB5F-4231785AB41C}.AppStore|x64.Build.0 = Release|Any CPU
		{98E5649E-9492-4BDD-AB5F-4231785AB41C}.AppStore|x86.ActiveCfg = Release|Any CPU
		{98E5649E-9492-4BDD-AB5F-4231785AB41C}.AppStore|x86.Build.0 = Release|Any CPU
		{98E5649E-9492-4BDD-AB5F-4231785AB41C}.Debug|Any CPU.ActiveCfg = Debug|Any CPU
		{98E5649E-9492-4BDD-AB5F-4231785AB41C}.Debug|Any CPU.Build.0 = Debug|Any CPU
		{98E5649E-9492-4BDD-AB5F-4231785AB41C}.Debug|ARM.ActiveCfg = Debug|Any CPU
		{98E5649E-9492-4BDD-AB5F-4231785AB41C}.Debug|ARM.Build.0 = Debug|Any CPU
		{98E5649E-9492-4BDD-AB5F-4231785AB41C}.Debug|iPhone.ActiveCfg = Debug|Any CPU
		{98E5649E-9492-4BDD-AB5F-4231785AB41C}.Debug|iPhone.Build.0 = Debug|Any CPU
		{98E5649E-9492-4BDD-AB5F-4231785AB41C}.Debug|iPhoneSimulator.ActiveCfg = Debug|Any CPU
		{98E5649E-9492-4BDD-AB5F-4231785AB41C}.Debug|iPhoneSimulator.Build.0 = Debug|Any CPU
		{98E5649E-9492-4BDD-AB5F-4231785AB41C}.Debug|x64.ActiveCfg = Debug|Any CPU
		{98E5649E-9492-4BDD-AB5F-4231785AB41C}.Debug|x64.Build.0 = Debug|Any CPU
		{98E5649E-9492-4BDD-AB5F-4231785AB41C}.Debug|x86.ActiveCfg = Debug|Any CPU
		{98E5649E-9492-4BDD-AB5F-4231785AB41C}.Debug|x86.Build.0 = Debug|Any CPU
		{98E5649E-9492-4BDD-AB5F-4231785AB41C}.Release|Any CPU.ActiveCfg = Release|Any CPU
		{98E5649E-9492-4BDD-AB5F-4231785AB41C}.Release|Any CPU.Build.0 = Release|Any CPU
		{98E5649E-9492-4BDD-AB5F-4231785AB41C}.Release|ARM.ActiveCfg = Release|Any CPU
		{98E5649E-9492-4BDD-AB5F-4231785AB41C}.Release|ARM.Build.0 = Release|Any CPU
		{98E5649E-9492-4BDD-AB5F-4231785AB41C}.Release|iPhone.ActiveCfg = Release|Any CPU
		{98E5649E-9492-4BDD-AB5F-4231785AB41C}.Release|iPhone.Build.0 = Release|Any CPU
		{98E5649E-9492-4BDD-AB5F-4231785AB41C}.Release|iPhoneSimulator.ActiveCfg = Release|Any CPU
		{98E5649E-9492-4BDD-AB5F-4231785AB41C}.Release|iPhoneSimulator.Build.0 = Release|Any CPU
		{98E5649E-9492-4BDD-AB5F-4231785AB41C}.Release|x64.ActiveCfg = Release|Any CPU
		{98E5649E-9492-4BDD-AB5F-4231785AB41C}.Release|x64.Build.0 = Release|Any CPU
		{98E5649E-9492-4BDD-AB5F-4231785AB41C}.Release|x86.ActiveCfg = Release|Any CPU
		{98E5649E-9492-4BDD-AB5F-4231785AB41C}.Release|x86.Build.0 = Release|Any CPU
		{A0771DE6-D659-46D9-A189-5E798C641B28}.Ad-Hoc|Any CPU.ActiveCfg = Release|Any CPU
		{A0771DE6-D659-46D9-A189-5E798C641B28}.Ad-Hoc|Any CPU.Build.0 = Release|Any CPU
		{A0771DE6-D659-46D9-A189-5E798C641B28}.Ad-Hoc|ARM.ActiveCfg = Release|Any CPU
		{A0771DE6-D659-46D9-A189-5E798C641B28}.Ad-Hoc|ARM.Build.0 = Release|Any CPU
		{A0771DE6-D659-46D9-A189-5E798C641B28}.Ad-Hoc|iPhone.ActiveCfg = Release|Any CPU
		{A0771DE6-D659-46D9-A189-5E798C641B28}.Ad-Hoc|iPhone.Build.0 = Release|Any CPU
		{A0771DE6-D659-46D9-A189-5E798C641B28}.Ad-Hoc|iPhoneSimulator.ActiveCfg = Release|Any CPU
		{A0771DE6-D659-46D9-A189-5E798C641B28}.Ad-Hoc|iPhoneSimulator.Build.0 = Release|Any CPU
		{A0771DE6-D659-46D9-A189-5E798C641B28}.Ad-Hoc|x64.ActiveCfg = Release|Any CPU
		{A0771DE6-D659-46D9-A189-5E798C641B28}.Ad-Hoc|x64.Build.0 = Release|Any CPU
		{A0771DE6-D659-46D9-A189-5E798C641B28}.Ad-Hoc|x86.ActiveCfg = Release|Any CPU
		{A0771DE6-D659-46D9-A189-5E798C641B28}.Ad-Hoc|x86.Build.0 = Release|Any CPU
		{A0771DE6-D659-46D9-A189-5E798C641B28}.AppStore|Any CPU.ActiveCfg = Release|Any CPU
		{A0771DE6-D659-46D9-A189-5E798C641B28}.AppStore|Any CPU.Build.0 = Release|Any CPU
		{A0771DE6-D659-46D9-A189-5E798C641B28}.AppStore|ARM.ActiveCfg = Release|Any CPU
		{A0771DE6-D659-46D9-A189-5E798C641B28}.AppStore|ARM.Build.0 = Release|Any CPU
		{A0771DE6-D659-46D9-A189-5E798C641B28}.AppStore|iPhone.ActiveCfg = Release|Any CPU
		{A0771DE6-D659-46D9-A189-5E798C641B28}.AppStore|iPhone.Build.0 = Release|Any CPU
		{A0771DE6-D659-46D9-A189-5E798C641B28}.AppStore|iPhoneSimulator.ActiveCfg = Release|Any CPU
		{A0771DE6-D659-46D9-A189-5E798C641B28}.AppStore|iPhoneSimulator.Build.0 = Release|Any CPU
		{A0771DE6-D659-46D9-A189-5E798C641B28}.AppStore|x64.ActiveCfg = Release|Any CPU
		{A0771DE6-D659-46D9-A189-5E798C641B28}.AppStore|x64.Build.0 = Release|Any CPU
		{A0771DE6-D659-46D9-A189-5E798C641B28}.AppStore|x86.ActiveCfg = Release|Any CPU
		{A0771DE6-D659-46D9-A189-5E798C641B28}.AppStore|x86.Build.0 = Release|Any CPU
		{A0771DE6-D659-46D9-A189-5E798C641B28}.Debug|Any CPU.ActiveCfg = Debug|Any CPU
		{A0771DE6-D659-46D9-A189-5E798C641B28}.Debug|Any CPU.Build.0 = Debug|Any CPU
		{A0771DE6-D659-46D9-A189-5E798C641B28}.Debug|ARM.ActiveCfg = Debug|Any CPU
		{A0771DE6-D659-46D9-A189-5E798C641B28}.Debug|ARM.Build.0 = Debug|Any CPU
		{A0771DE6-D659-46D9-A189-5E798C641B28}.Debug|iPhone.ActiveCfg = Debug|Any CPU
		{A0771DE6-D659-46D9-A189-5E798C641B28}.Debug|iPhone.Build.0 = Debug|Any CPU
		{A0771DE6-D659-46D9-A189-5E798C641B28}.Debug|iPhoneSimulator.ActiveCfg = Debug|Any CPU
		{A0771DE6-D659-46D9-A189-5E798C641B28}.Debug|iPhoneSimulator.Build.0 = Debug|Any CPU
		{A0771DE6-D659-46D9-A189-5E798C641B28}.Debug|x64.ActiveCfg = Debug|Any CPU
		{A0771DE6-D659-46D9-A189-5E798C641B28}.Debug|x64.Build.0 = Debug|Any CPU
		{A0771DE6-D659-46D9-A189-5E798C641B28}.Debug|x86.ActiveCfg = Debug|Any CPU
		{A0771DE6-D659-46D9-A189-5E798C641B28}.Debug|x86.Build.0 = Debug|Any CPU
		{A0771DE6-D659-46D9-A189-5E798C641B28}.Release|Any CPU.ActiveCfg = Release|Any CPU
		{A0771DE6-D659-46D9-A189-5E798C641B28}.Release|Any CPU.Build.0 = Release|Any CPU
		{A0771DE6-D659-46D9-A189-5E798C641B28}.Release|ARM.ActiveCfg = Release|Any CPU
		{A0771DE6-D659-46D9-A189-5E798C641B28}.Release|ARM.Build.0 = Release|Any CPU
		{A0771DE6-D659-46D9-A189-5E798C641B28}.Release|iPhone.ActiveCfg = Release|Any CPU
		{A0771DE6-D659-46D9-A189-5E798C641B28}.Release|iPhone.Build.0 = Release|Any CPU
		{A0771DE6-D659-46D9-A189-5E798C641B28}.Release|iPhoneSimulator.ActiveCfg = Release|Any CPU
		{A0771DE6-D659-46D9-A189-5E798C641B28}.Release|iPhoneSimulator.Build.0 = Release|Any CPU
		{A0771DE6-D659-46D9-A189-5E798C641B28}.Release|x64.ActiveCfg = Release|Any CPU
		{A0771DE6-D659-46D9-A189-5E798C641B28}.Release|x64.Build.0 = Release|Any CPU
		{A0771DE6-D659-46D9-A189-5E798C641B28}.Release|x86.ActiveCfg = Release|Any CPU
		{A0771DE6-D659-46D9-A189-5E798C641B28}.Release|x86.Build.0 = Release|Any CPU
		{38271435-3FED-4D82-893B-3D19BF30E6FF}.Ad-Hoc|Any CPU.ActiveCfg = Debug|Any CPU
		{38271435-3FED-4D82-893B-3D19BF30E6FF}.Ad-Hoc|Any CPU.Build.0 = Debug|Any CPU
		{38271435-3FED-4D82-893B-3D19BF30E6FF}.Ad-Hoc|ARM.ActiveCfg = Debug|Any CPU
		{38271435-3FED-4D82-893B-3D19BF30E6FF}.Ad-Hoc|ARM.Build.0 = Debug|Any CPU
		{38271435-3FED-4D82-893B-3D19BF30E6FF}.Ad-Hoc|iPhone.ActiveCfg = Debug|Any CPU
		{38271435-3FED-4D82-893B-3D19BF30E6FF}.Ad-Hoc|iPhone.Build.0 = Debug|Any CPU
		{38271435-3FED-4D82-893B-3D19BF30E6FF}.Ad-Hoc|iPhoneSimulator.ActiveCfg = Debug|Any CPU
		{38271435-3FED-4D82-893B-3D19BF30E6FF}.Ad-Hoc|iPhoneSimulator.Build.0 = Debug|Any CPU
		{38271435-3FED-4D82-893B-3D19BF30E6FF}.Ad-Hoc|x64.ActiveCfg = Debug|Any CPU
		{38271435-3FED-4D82-893B-3D19BF30E6FF}.Ad-Hoc|x64.Build.0 = Debug|Any CPU
		{38271435-3FED-4D82-893B-3D19BF30E6FF}.Ad-Hoc|x86.ActiveCfg = Debug|Any CPU
		{38271435-3FED-4D82-893B-3D19BF30E6FF}.Ad-Hoc|x86.Build.0 = Debug|Any CPU
		{38271435-3FED-4D82-893B-3D19BF30E6FF}.AppStore|Any CPU.ActiveCfg = Debug|Any CPU
		{38271435-3FED-4D82-893B-3D19BF30E6FF}.AppStore|Any CPU.Build.0 = Debug|Any CPU
		{38271435-3FED-4D82-893B-3D19BF30E6FF}.AppStore|ARM.ActiveCfg = Debug|Any CPU
		{38271435-3FED-4D82-893B-3D19BF30E6FF}.AppStore|ARM.Build.0 = Debug|Any CPU
		{38271435-3FED-4D82-893B-3D19BF30E6FF}.AppStore|iPhone.ActiveCfg = Debug|Any CPU
		{38271435-3FED-4D82-893B-3D19BF30E6FF}.AppStore|iPhone.Build.0 = Debug|Any CPU
		{38271435-3FED-4D82-893B-3D19BF30E6FF}.AppStore|iPhoneSimulator.ActiveCfg = Debug|Any CPU
		{38271435-3FED-4D82-893B-3D19BF30E6FF}.AppStore|iPhoneSimulator.Build.0 = Debug|Any CPU
		{38271435-3FED-4D82-893B-3D19BF30E6FF}.AppStore|x64.ActiveCfg = Debug|Any CPU
		{38271435-3FED-4D82-893B-3D19BF30E6FF}.AppStore|x64.Build.0 = Debug|Any CPU
		{38271435-3FED-4D82-893B-3D19BF30E6FF}.AppStore|x86.ActiveCfg = Debug|Any CPU
		{38271435-3FED-4D82-893B-3D19BF30E6FF}.AppStore|x86.Build.0 = Debug|Any CPU
		{38271435-3FED-4D82-893B-3D19BF30E6FF}.Debug|Any CPU.ActiveCfg = Debug|Any CPU
		{38271435-3FED-4D82-893B-3D19BF30E6FF}.Debug|Any CPU.Build.0 = Debug|Any CPU
		{38271435-3FED-4D82-893B-3D19BF30E6FF}.Debug|ARM.ActiveCfg = Debug|Any CPU
		{38271435-3FED-4D82-893B-3D19BF30E6FF}.Debug|ARM.Build.0 = Debug|Any CPU
		{38271435-3FED-4D82-893B-3D19BF30E6FF}.Debug|iPhone.ActiveCfg = Debug|Any CPU
		{38271435-3FED-4D82-893B-3D19BF30E6FF}.Debug|iPhone.Build.0 = Debug|Any CPU
		{38271435-3FED-4D82-893B-3D19BF30E6FF}.Debug|iPhoneSimulator.ActiveCfg = Debug|Any CPU
		{38271435-3FED-4D82-893B-3D19BF30E6FF}.Debug|iPhoneSimulator.Build.0 = Debug|Any CPU
		{38271435-3FED-4D82-893B-3D19BF30E6FF}.Debug|x64.ActiveCfg = Debug|Any CPU
		{38271435-3FED-4D82-893B-3D19BF30E6FF}.Debug|x64.Build.0 = Debug|Any CPU
		{38271435-3FED-4D82-893B-3D19BF30E6FF}.Debug|x86.ActiveCfg = Debug|Any CPU
		{38271435-3FED-4D82-893B-3D19BF30E6FF}.Debug|x86.Build.0 = Debug|Any CPU
		{38271435-3FED-4D82-893B-3D19BF30E6FF}.Release|Any CPU.ActiveCfg = Release|Any CPU
		{38271435-3FED-4D82-893B-3D19BF30E6FF}.Release|Any CPU.Build.0 = Release|Any CPU
		{38271435-3FED-4D82-893B-3D19BF30E6FF}.Release|ARM.ActiveCfg = Release|Any CPU
		{38271435-3FED-4D82-893B-3D19BF30E6FF}.Release|ARM.Build.0 = Release|Any CPU
		{38271435-3FED-4D82-893B-3D19BF30E6FF}.Release|iPhone.ActiveCfg = Release|Any CPU
		{38271435-3FED-4D82-893B-3D19BF30E6FF}.Release|iPhone.Build.0 = Release|Any CPU
		{38271435-3FED-4D82-893B-3D19BF30E6FF}.Release|iPhoneSimulator.ActiveCfg = Release|Any CPU
		{38271435-3FED-4D82-893B-3D19BF30E6FF}.Release|iPhoneSimulator.Build.0 = Release|Any CPU
		{38271435-3FED-4D82-893B-3D19BF30E6FF}.Release|x64.ActiveCfg = Release|Any CPU
		{38271435-3FED-4D82-893B-3D19BF30E6FF}.Release|x64.Build.0 = Release|Any CPU
		{38271435-3FED-4D82-893B-3D19BF30E6FF}.Release|x86.ActiveCfg = Release|Any CPU
		{38271435-3FED-4D82-893B-3D19BF30E6FF}.Release|x86.Build.0 = Release|Any CPU
		{69913AE6-B93B-4115-BBF5-99EAFE3309CB}.Ad-Hoc|Any CPU.ActiveCfg = Release|Any CPU
		{69913AE6-B93B-4115-BBF5-99EAFE3309CB}.Ad-Hoc|Any CPU.Build.0 = Release|Any CPU
		{69913AE6-B93B-4115-BBF5-99EAFE3309CB}.Ad-Hoc|ARM.ActiveCfg = Release|Any CPU
		{69913AE6-B93B-4115-BBF5-99EAFE3309CB}.Ad-Hoc|ARM.Build.0 = Release|Any CPU
		{69913AE6-B93B-4115-BBF5-99EAFE3309CB}.Ad-Hoc|iPhone.ActiveCfg = Release|Any CPU
		{69913AE6-B93B-4115-BBF5-99EAFE3309CB}.Ad-Hoc|iPhone.Build.0 = Release|Any CPU
		{69913AE6-B93B-4115-BBF5-99EAFE3309CB}.Ad-Hoc|iPhoneSimulator.ActiveCfg = Release|Any CPU
		{69913AE6-B93B-4115-BBF5-99EAFE3309CB}.Ad-Hoc|iPhoneSimulator.Build.0 = Release|Any CPU
		{69913AE6-B93B-4115-BBF5-99EAFE3309CB}.Ad-Hoc|x64.ActiveCfg = Release|Any CPU
		{69913AE6-B93B-4115-BBF5-99EAFE3309CB}.Ad-Hoc|x64.Build.0 = Release|Any CPU
		{69913AE6-B93B-4115-BBF5-99EAFE3309CB}.Ad-Hoc|x86.ActiveCfg = Release|Any CPU
		{69913AE6-B93B-4115-BBF5-99EAFE3309CB}.Ad-Hoc|x86.Build.0 = Release|Any CPU
		{69913AE6-B93B-4115-BBF5-99EAFE3309CB}.AppStore|Any CPU.ActiveCfg = Release|Any CPU
		{69913AE6-B93B-4115-BBF5-99EAFE3309CB}.AppStore|Any CPU.Build.0 = Release|Any CPU
		{69913AE6-B93B-4115-BBF5-99EAFE3309CB}.AppStore|ARM.ActiveCfg = Release|Any CPU
		{69913AE6-B93B-4115-BBF5-99EAFE3309CB}.AppStore|ARM.Build.0 = Release|Any CPU
		{69913AE6-B93B-4115-BBF5-99EAFE3309CB}.AppStore|iPhone.ActiveCfg = Release|Any CPU
		{69913AE6-B93B-4115-BBF5-99EAFE3309CB}.AppStore|iPhone.Build.0 = Release|Any CPU
		{69913AE6-B93B-4115-BBF5-99EAFE3309CB}.AppStore|iPhoneSimulator.ActiveCfg = Release|Any CPU
		{69913AE6-B93B-4115-BBF5-99EAFE3309CB}.AppStore|iPhoneSimulator.Build.0 = Release|Any CPU
		{69913AE6-B93B-4115-BBF5-99EAFE3309CB}.AppStore|x64.ActiveCfg = Release|Any CPU
		{69913AE6-B93B-4115-BBF5-99EAFE3309CB}.AppStore|x64.Build.0 = Release|Any CPU
		{69913AE6-B93B-4115-BBF5-99EAFE3309CB}.AppStore|x86.ActiveCfg = Release|Any CPU
		{69913AE6-B93B-4115-BBF5-99EAFE3309CB}.AppStore|x86.Build.0 = Release|Any CPU
		{69913AE6-B93B-4115-BBF5-99EAFE3309CB}.Debug|Any CPU.ActiveCfg = Debug|Any CPU
		{69913AE6-B93B-4115-BBF5-99EAFE3309CB}.Debug|Any CPU.Build.0 = Debug|Any CPU
		{69913AE6-B93B-4115-BBF5-99EAFE3309CB}.Debug|ARM.ActiveCfg = Debug|Any CPU
		{69913AE6-B93B-4115-BBF5-99EAFE3309CB}.Debug|ARM.Build.0 = Debug|Any CPU
		{69913AE6-B93B-4115-BBF5-99EAFE3309CB}.Debug|iPhone.ActiveCfg = Debug|Any CPU
		{69913AE6-B93B-4115-BBF5-99EAFE3309CB}.Debug|iPhone.Build.0 = Debug|Any CPU
		{69913AE6-B93B-4115-BBF5-99EAFE3309CB}.Debug|iPhoneSimulator.ActiveCfg = Debug|Any CPU
		{69913AE6-B93B-4115-BBF5-99EAFE3309CB}.Debug|iPhoneSimulator.Build.0 = Debug|Any CPU
		{69913AE6-B93B-4115-BBF5-99EAFE3309CB}.Debug|x64.ActiveCfg = Debug|Any CPU
		{69913AE6-B93B-4115-BBF5-99EAFE3309CB}.Debug|x64.Build.0 = Debug|Any CPU
		{69913AE6-B93B-4115-BBF5-99EAFE3309CB}.Debug|x86.ActiveCfg = Debug|Any CPU
		{69913AE6-B93B-4115-BBF5-99EAFE3309CB}.Debug|x86.Build.0 = Debug|Any CPU
		{69913AE6-B93B-4115-BBF5-99EAFE3309CB}.Release|Any CPU.ActiveCfg = Release|Any CPU
		{69913AE6-B93B-4115-BBF5-99EAFE3309CB}.Release|Any CPU.Build.0 = Release|Any CPU
		{69913AE6-B93B-4115-BBF5-99EAFE3309CB}.Release|ARM.ActiveCfg = Release|Any CPU
		{69913AE6-B93B-4115-BBF5-99EAFE3309CB}.Release|ARM.Build.0 = Release|Any CPU
		{69913AE6-B93B-4115-BBF5-99EAFE3309CB}.Release|iPhone.ActiveCfg = Release|Any CPU
		{69913AE6-B93B-4115-BBF5-99EAFE3309CB}.Release|iPhone.Build.0 = Release|Any CPU
		{69913AE6-B93B-4115-BBF5-99EAFE3309CB}.Release|iPhoneSimulator.ActiveCfg = Release|Any CPU
		{69913AE6-B93B-4115-BBF5-99EAFE3309CB}.Release|iPhoneSimulator.Build.0 = Release|Any CPU
		{69913AE6-B93B-4115-BBF5-99EAFE3309CB}.Release|x64.ActiveCfg = Release|Any CPU
		{69913AE6-B93B-4115-BBF5-99EAFE3309CB}.Release|x64.Build.0 = Release|Any CPU
		{69913AE6-B93B-4115-BBF5-99EAFE3309CB}.Release|x86.ActiveCfg = Release|Any CPU
		{69913AE6-B93B-4115-BBF5-99EAFE3309CB}.Release|x86.Build.0 = Release|Any CPU
	EndGlobalSection
	GlobalSection(SolutionProperties) = preSolution
		HideSolutionNode = FALSE
	EndGlobalSection
	GlobalSection(ExtensibilityGlobals) = postSolution
		SolutionGuid = {F99072AB-6814-4AF5-BDCB-1941492FF519}
	EndGlobalSection
EndGlobal
